
Microsoft Visual Studio Solution File, Format Version 12.00
# Visual Studio Version 17
VisualStudioVersion = 17.1.32228.430
MinimumVisualStudioVersion = 10.0.40219.1
Project("{FAE04EC0-301F-11D3-BF4B-00C04F79EFBC}") = "WinFormsApp1", "WinFormsApp1\WinFormsApp1.csproj", "{6FB1DBF0-7BF4-4958-A8F7-F4EA6E3260E0}"
EndProject
Global
	GlobalSection(SolutionConfigurationPlatforms) = preSolution
		Debug|Any CPU = Debug|Any CPU
		Release|Any CPU = Release|Any CPU
	EndGlobalSection
	GlobalSection(ProjectConfigurationPlatforms) = postSolution
		{6FB1DBF0-7BF4-4958-A8F7-F4EA6E3260E0}.Debug|Any CPU.ActiveCfg = Debug|Any CPU
		{6FB1DBF0-7BF4-4958-A8F7-F4EA6E3260E0}.Debug|Any CPU.Build.0 = Debug|Any CPU
		{6FB1DBF0-7BF4-4958-A8F7-F4EA6E3260E0}.Release|Any CPU.ActiveCfg = Release|Any CPU
		{6FB1DBF0-7BF4-4958-A8F7-F4EA6E3260E0}.Release|Any CPU.Build.0 = Release|Any CPU
	EndGlobalSection
	GlobalSection(SolutionProperties) = preSolution
		HideSolutionNode = FALSE
	EndGlobalSection
	GlobalSection(ExtensibilityGlobals) = postSolution
		SolutionGuid = {52CB83C1-A3D3-409E-9773-23B3ED1F01BD}
	EndGlobalSection
EndGlobal
